
Microsoft Visual Studio Solution File, Format Version 12.00
# Visual Studio Version 17
VisualStudioVersion = 17.9.34616.47
MinimumVisualStudioVersion = 10.0.40219.1
Project("{FAE04EC0-301F-11D3-BF4B-00C04F79EFBC}") = "Application", "Application\Application.csproj", "{534597A3-1368-47D5-BC7A-472C4BF22D2D}"
EndProject
Project("{FAE04EC0-301F-11D3-BF4B-00C04F79EFBC}") = "ClassLibrary", "ClassLibrary1\ClassLibrary.csproj", "{636200B8-A746-4F95-923A-DE5435D39A96}"
EndProject
Global
	GlobalSection(SolutionConfigurationPlatforms) = preSolution
		Debug|Any CPU = Debug|Any CPU
		Release|Any CPU = Release|Any CPU
	EndGlobalSection
	GlobalSection(ProjectConfigurationPlatforms) = postSolution
		{534597A3-1368-47D5-BC7A-472C4BF22D2D}.Debug|Any CPU.ActiveCfg = Debug|Any CPU
		{534597A3-1368-47D5-BC7A-472C4BF22D2D}.Debug|Any CPU.Build.0 = Debug|Any CPU
		{534597A3-1368-47D5-BC7A-472C4BF22D2D}.Release|Any CPU.ActiveCfg = Release|Any CPU
		{534597A3-1368-47D5-BC7A-472C4BF22D2D}.Release|Any CPU.Build.0 = Release|Any CPU
		{636200B8-A746-4F95-923A-DE5435D39A96}.Debug|Any CPU.ActiveCfg = Debug|Any CPU
		{636200B8-A746-4F95-923A-DE5435D39A96}.Debug|Any CPU.Build.0 = Debug|Any CPU
		{636200B8-A746-4F95-923A-DE5435D39A96}.Release|Any CPU.ActiveCfg = Release|Any CPU
		{636200B8-A746-4F95-923A-DE5435D39A96}.Release|Any CPU.Build.0 = Release|Any CPU
	EndGlobalSection
	GlobalSection(SolutionProperties) = preSolution
		HideSolutionNode = FALSE
	EndGlobalSection
	GlobalSection(ExtensibilityGlobals) = postSolution
		SolutionGuid = {56ECE851-66B6-4D80-9388-74925407A4A8}
	EndGlobalSection
EndGlobal
